
Microsoft Visual Studio Solution File, Format Version 12.00
Project("{FAE04EC0-301F-11D3-BF4B-00C04F79EFBC}") = "ParkingLot", "ParkingLot\ParkingLot.csproj", "{77A21E60-A633-40E5-ABEE-47B5CDAF88AB}"
EndProject
Global
	GlobalSection(SolutionConfigurationPlatforms) = preSolution
		Debug|Any CPU = Debug|Any CPU
		Release|Any CPU = Release|Any CPU
	EndGlobalSection
	GlobalSection(ProjectConfigurationPlatforms) = postSolution
		{77A21E60-A633-40E5-ABEE-47B5CDAF88AB}.Debug|Any CPU.ActiveCfg = Debug|Any CPU
		{77A21E60-A633-40E5-ABEE-47B5CDAF88AB}.Debug|Any CPU.Build.0 = Debug|Any CPU
		{77A21E60-A633-40E5-ABEE-47B5CDAF88AB}.Release|Any CPU.ActiveCfg = Release|Any CPU
		{77A21E60-A633-40E5-ABEE-47B5CDAF88AB}.Release|Any CPU.Build.0 = Release|Any CPU
	EndGlobalSection
EndGlobal
